
Microsoft Visual Studio Solution File, Format Version 12.00
# Visual Studio Version 17
VisualStudioVersion = 17.3.32901.215
MinimumVisualStudioVersion = 10.0.40219.1
Project("{FAE04EC0-301F-11D3-BF4B-00C04F79EFBC}") = "WebApplicationPWARest", "WebApplicationPWARest\WebApplicationPWARest.csproj", "{AE5C2593-3BB2-42E7-B244-14502F914495}"
EndProject
Global
	GlobalSection(SolutionConfigurationPlatforms) = preSolution
		Debug|Any CPU = Debug|Any CPU
		Release|Any CPU = Release|Any CPU
	EndGlobalSection
	GlobalSection(ProjectConfigurationPlatforms) = postSolution
		{AE5C2593-3BB2-42E7-B244-14502F914495}.Debug|Any CPU.ActiveCfg = Debug|Any CPU
		{AE5C2593-3BB2-42E7-B244-14502F914495}.Debug|Any CPU.Build.0 = Debug|Any CPU
		{AE5C2593-3BB2-42E7-B244-14502F914495}.Release|Any CPU.ActiveCfg = Release|Any CPU
		{AE5C2593-3BB2-42E7-B244-14502F914495}.Release|Any CPU.Build.0 = Release|Any CPU
	EndGlobalSection
	GlobalSection(SolutionProperties) = preSolution
		HideSolutionNode = FALSE
	EndGlobalSection
	GlobalSection(ExtensibilityGlobals) = postSolution
		SolutionGuid = {69371B85-4796-42A7-9E48-B5AAC7DED99B}
	EndGlobalSection
EndGlobal
